// !$*UTF8*$!
{
	archiveVersion = 1;
	classes = {
	};
	objectVersion = 50;
	objects = {

/* Begin PBXBuildFile section */
		556C82C522E60954006769D7 /* AppDelegate.swift in Sources */ = {isa = PBXBuildFile; fileRef = 556C82C422E60954006769D7 /* AppDelegate.swift */; };
		556C82C722E60954006769D7 /* ViewController.swift in Sources */ = {isa = PBXBuildFile; fileRef = 556C82C622E60954006769D7 /* ViewController.swift */; };
		556C82CA22E60954006769D7 /* Main.storyboard in Resources */ = {isa = PBXBuildFile; fileRef = 556C82C822E60954006769D7 /* Main.storyboard */; };
		556C82CC22E60956006769D7 /* Assets.xcassets in Resources */ = {isa = PBXBuildFile; fileRef = 556C82CB22E60956006769D7 /* Assets.xcassets */; };
		556C82CF22E60956006769D7 /* LaunchScreen.storyboard in Resources */ = {isa = PBXBuildFile; fileRef = 556C82CD22E60956006769D7 /* LaunchScreen.storyboard */; };
		556C82D822E60C44006769D7 /* TDSwiftSpinnerImageView.swift in Sources */ = {isa = PBXBuildFile; fileRef = 556C82D722E60C44006769D7 /* TDSwiftSpinnerImageView.swift */; };
/* End PBXBuildFile section */

/* Begin PBXFileReference section */
		556C82C122E60954006769D7 /* TDSwiftSpinnerImageView.app */ = {isa = PBXFileReference; explicitFileType = wrapper.application; includeInIndex = 0; path = TDSwiftSpinnerImageView.app; sourceTree = BUILT_PRODUCTS_DIR; };
		556C82C422E60954006769D7 /* AppDelegate.swift */ = {isa = PBXFileReference; lastKnownFileType = sourcecode.swift; path = AppDelegate.swift; sourceTree = "<group>"; };
		556C82C622E60954006769D7 /* ViewController.swift */ = {isa = PBXFileReference; lastKnownFileType = sourcecode.swift; path = ViewController.swift; sourceTree = "<group>"; };
		556C82C922E60954006769D7 /* Base */ = {isa = PBXFileReference; lastKnownFileType = file.storyboard; name = Base; path = Base.lproj/Main.storyboard; sourceTree = "<group>"; };
		556C82CB22E60956006769D7 /* Assets.xcassets */ = {isa = PBXFileReference; lastKnownFileType = folder.assetcatalog; path = Assets.xcassets; sourceTree = "<group>"; };
		556C82CE22E60956006769D7 /* Base */ = {isa = PBXFileReference; lastKnownFileType = file.storyboard; name = Base; path = Base.lproj/LaunchScreen.storyboard; sourceTree = "<group>"; };
		556C82D022E60956006769D7 /* Info.plist */ = {isa = PBXFileReference; lastKnownFileType = text.plist.xml; path = Info.plist; sourceTree = "<group>"; };
		556C82D722E60C44006769D7 /* TDSwiftSpinnerImageView.swift */ = {isa = PBXFileReference; lastKnownFileType = sourcecode.swift; path = TDSwiftSpinnerImageView.swift; sourceTree = "<group>"; };
/* End PBXFileReference section */

/* Begin PBXFrameworksBuildPhase section */
		556C82BE22E60954006769D7 /* Frameworks */ = {
			isa = PBXFrameworksBuildPhase;
			buildActionMask = 2147483647;
			files = (
			);
			runOnlyForDeploymentPostprocessing = 0;
		};
/* End PBXFrameworksBuildPhase section */

/* Begin PBXGroup section */
		556C82B822E60954006769D7 = {
			isa = PBXGroup;
			children = (
				556C82C322E60954006769D7 /* TDSwiftSpinnerImageView */,
				556C82C222E60954006769D7 /* Products */,
			);
			sourceTree = "<group>";
		};
		556C82C222E60954006769D7 /* Products */ = {
			isa = PBXGroup;
			children = (
				556C82C122E60954006769D7 /* TDSwiftSpinnerImageView.app */,
			);
			name = Products;
			sourceTree = "<group>";
		};
		556C82C322E60954006769D7 /* TDSwiftSpinnerImageView */ = {
			isa = PBXGroup;
			children = (
				556C82D622E60C35006769D7 /* TDSwiftSpinnerImageView */,
				556C82C422E60954006769D7 /* AppDelegate.swift */,
				556C82C622E60954006769D7 /* ViewController.swift */,
				556C82C822E60954006769D7 /* Main.storyboard */,
				556C82CB22E60956006769D7 /* Assets.xcassets */,
				556C82CD22E60956006769D7 /* LaunchScreen.storyboard */,
				556C82D022E60956006769D7 /* Info.plist */,
			);
			path = TDSwiftSpinnerImageView;
			sourceTree = "<group>";
		};
		556C82D622E60C35006769D7 /* TDSwiftSpinnerImageView */ = {
			isa = PBXGroup;
			children = (
				556C82D722E60C44006769D7 /* TDSwiftSpinnerImageView.swift */,
			);
			path = TDSwiftSpinnerImageView;
			sourceTree = "<group>";
		};
/* End PBXGroup section */

/* Begin PBXNativeTarget section */
		556C82C022E60954006769D7 /* TDSwiftSpinnerImageView */ = {
			isa = PBXNativeTarget;
			buildConfigurationList = 556C82D322E60956006769D7 /* Build configuration list for PBXNativeTarget "TDSwiftSpinnerImageView" */;
			buildPhases = (
				556C82BD22E60954006769D7 /* Sources */,
				556C82BE22E60954006769D7 /* Frameworks */,
				556C82BF22E60954006769D7 /* Resources */,
			);
			buildRules = (
			);
			dependencies = (
			);
			name = TDSwiftSpinnerImageView;
			productName = TDSwiftSpinnerImageView;
			productReference = 556C82C122E60954006769D7 /* TDSwiftSpinnerImageView.app */;
			productType = "com.apple.product-type.application";
		};
/* End PBXNativeTarget section */

/* Begin PBXProject section */
		556C82B922E60954006769D7 /* Project object */ = {
			isa = PBXProject;
			attributes = {
				LastSwiftUpdateCheck = 1020;
				LastUpgradeCheck = 1020;
				ORGANIZATIONNAME = TDSwift;
				TargetAttributes = {
					556C82C022E60954006769D7 = {
						CreatedOnToolsVersion = 10.2.1;
					};
				};
			};
			buildConfigurationList = 556C82BC22E60954006769D7 /* Build configuration list for PBXProject "TDSwiftSpinnerImageView" */;
			compatibilityVersion = "Xcode 9.3";
			developmentRegion = en;
			hasScannedForEncodings = 0;
			knownRegions = (
				en,
				Base,
			);
			mainGroup = 556C82B822E60954006769D7;
			productRefGroup = 556C82C222E60954006769D7 /* Products */;
			projectDirPath = "";
			projectRoot = "";
			targets = (
				556C82C022E60954006769D7 /* TDSwiftSpinnerImageView */,
			);
		};
/* End PBXProject section */

/* Begin PBXResourcesBuildPhase section */
		556C82BF22E60954006769D7 /* Resources */ = {
			isa = PBXResourcesBuildPhase;
			buildActionMask = 2147483647;
			files = (
				556C82CF22E60956006769D7 /* LaunchScreen.storyboard in Resources */,
				556C82CC22E60956006769D7 /* Assets.xcassets in Resources */,
				556C82CA22E60954006769D7 /* Main.storyboard in Resources */,
			);
			runOnlyForDeploymentPostprocessing = 0;
		};
/* End PBXResourcesBuildPhase section */

/* Begin PBXSourcesBuildPhase section */
		556C82BD22E60954006769D7 /* Sources */ = {
			isa = PBXSourcesBuildPhase;
			buildActionMask = 2147483647;
			files = (
				556C82C722E60954006769D7 /* ViewController.swift in Sources */,
				556C82D822E60C44006769D7 /* TDSwiftSpinnerImageView.swift in Sources */,
				556C82C522E60954006769D7 /* AppDelegate.swift in Sources */,
			);
			runOnlyForDeploymentPostprocessing = 0;
		};
/* End PBXSourcesBuildPhase section */

/* Begin PBXVariantGroup section */
		556C82C822E60954006769D7 /* Main.storyboard */ = {
			isa = PBXVariantGroup;
			children = (
				556C82C922E60954006769D7 /* Base */,
			);
			name = Main.storyboard;
			sourceTree = "<group>";
		};
		556C82CD22E60956006769D7 /* LaunchScreen.storyboard */ = {
			isa = PBXVariantGroup;
			children = (
				556C82CE22E60956006769D7 /* Base */,
			);
			name = LaunchScreen.storyboard;
			sourceTree = "<group>";
		};
/* End PBXVariantGroup section */

/* Begin XCBuildConfiguration section */
		556C82D122E60956006769D7 /* Debug */ = {
			isa = XCBuildConfiguration;
			buildSettings = {
				ALWAYS_SEARCH_USER_PATHS = NO;
				CLANG_ANALYZER_NONNULL = YES;
				CLANG_ANALYZER_NUMBER_OBJECT_CONVERSION = YES_AGGRESSIVE;
				CLANG_CXX_LANGUAGE_STANDARD = "gnu++14";
				CLANG_CXX_LIBRARY = "libc++";
				CLANG_ENABLE_MODULES = YES;
				CLANG_ENABLE_OBJC_ARC = YES;
				CLANG_ENABLE_OBJC_WEAK = YES;
				CLANG_WARN_BLOCK_CAPTURE_AUTORELEASING = YES;
				CLANG_WARN_BOOL_CONVERSION = YES;
				CLANG_WARN_COMMA = YES;
				CLANG_WARN_CONSTANT_CONVERSION = YES;
				CLANG_WARN_DEPRECATED_OBJC_IMPLEMENTATIONS = YES;
				CLANG_WARN_DIRECT_OBJC_ISA_USAGE = YES_ERROR;
				CLANG_WARN_DOCUMENTATION_COMMENTS = YES;
				CLANG_WARN_EMPTY_BODY = YES;
				CLANG_WARN_ENUM_CONVERSION = YES;
				CLANG_WARN_INFINITE_RECURSION = YES;
				CLANG_WARN_INT_CONVERSION = YES;
				CLANG_WARN_NON_LITERAL_NULL_CONVERSION = YES;
				CLANG_WARN_OBJC_IMPLICIT_RETAIN_SELF = YES;
				CLANG_WARN_OBJC_LITERAL_CONVERSION = YES;
				CLANG_WARN_OBJC_ROOT_CLASS = YES_ERROR;
				CLANG_WARN_RANGE_LOOP_ANALYSIS = YES;
				CLANG_WARN_STRICT_PROTOTYPES = YES;
				CLANG_WARN_SUSPICIOUS_MOVE = YES;
				CLANG_WARN_UNGUARDED_AVAILABILITY = YES_AGGRESSIVE;
				CLANG_WARN_UNREACHABLE_CODE = YES;
				CLANG_WARN__DUPLICATE_METHOD_MATCH = YES;
				CODE_SIGN_IDENTITY = "iPhone Developer";
				COPY_PHASE_STRIP = NO;
				DEBUG_INFORMATION_FORMAT = dwarf;
				ENABLE_STRICT_OBJC_MSGSEND = YES;
				ENABLE_TESTABILITY = YES;
				GCC_C_LANGUAGE_STANDARD = gnu11;
				GCC_DYNAMIC_NO_PIC = NO;
				GCC_NO_COMMON_BLOCKS = YES;
				GCC_OPTIMIZATION_LEVEL = 0;
				GCC_PREPROCESSOR_DEFINITIONS = (
					"DEBUG=1",
					"$(inherited)",
				);
				GCC_WARN_64_TO_32_BIT_CONVERSION = YES;
				GCC_WARN_ABOUT_RETURN_TYPE = YES_ERROR;
				GCC_WARN_UNDECLARED_SELECTOR = YES;
				GCC_WARN_UNINITIALIZED_AUTOS = YES_AGGRESSIVE;
				GCC_WARN_UNUSED_FUNCTION = YES;
				GCC_WARN_UNUSED_VARIABLE = YES;
				IPHONEOS_DEPLOYMENT_TARGET = 12.2;
				MTL_ENABLE_DEBUG_INFO = INCLUDE_SOURCE;
				MTL_FAST_MATH = YES;
				ONLY_ACTIVE_ARCH = YES;
				SDKROOT = iphoneos;
				SWIFT_ACTIVE_COMPILATION_CONDITIONS = DEBUG;
				SWIFT_OPTIMIZATION_LEVEL = "-Onone";
			};
			name = Debug;
		};
		556C82D222E60956006769D7 /* Release */ = {
			isa = XCBuildConfiguration;
			buildSettings = {
				ALWAYS_SEARCH_USER_PATHS = NO;
				CLANG_ANALYZER_NONNULL = YES;
				CLANG_ANALYZER_NUMBER_OBJECT_CONVERSION = YES_AGGRESSIVE;
				CLANG_CXX_LANGUAGE_STANDARD = "gnu++14";
				CLANG_CXX_LIBRARY = "libc++";
				CLANG_ENABLE_MODULES = YES;
				CLANG_ENABLE_OBJC_ARC = YES;
				CLANG_ENABLE_OBJC_WEAK = YES;
				CLANG_WARN_BLOCK_CAPTURE_AUTORELEASING = YES;
				CLANG_WARN_BOOL_CONVERSION = YES;
				CLANG_WARN_COMMA = YES;
				CLANG_WARN_CONSTANT_CONVERSION = YES;
				CLANG_WARN_DEPRECATED_OBJC_IMPLEMENTATIONS = YES;
				CLANG_WARN_DIRECT_OBJC_ISA_USAGE = YES_ERROR;
				CLANG_WARN_DOCUMENTATION_COMMENTS = YES;
				CLANG_WARN_EMPTY_BODY = YES;
				CLANG_WARN_ENUM_CONVERSION = YES;
				CLANG_WARN_INFINITE_RECURSION = YES;
				CLANG_WARN_INT_CONVERSION = YES;
				CLANG_WARN_NON_LITERAL_NULL_CONVERSION = YES;
				CLANG_WARN_OBJC_IMPLICIT_RETAIN_SELF = YES;
				CLANG_WARN_OBJC_LITERAL_CONVERSION = YES;
				CLANG_WARN_OBJC_ROOT_CLASS = YES_ERROR;
				CLANG_WARN_RANGE_LOOP_ANALYSIS = YES;
				CLANG_WARN_STRICT_PROTOTYPES = YES;
				CLANG_WARN_SUSPICIOUS_MOVE = YES;
				CLANG_WARN_UNGUARDED_AVAILABILITY = YES_AGGRESSIVE;
				CLANG_WARN_UNREACHABLE_CODE = YES;
				CLANG_WARN__DUPLICATE_METHOD_MATCH = YES;
				CODE_SIGN_IDENTITY = "iPhone Developer";
				COPY_PHASE_STRIP = NO;
				DEBUG_INFORMATION_FORMAT = "dwarf-with-dsym";
				ENABLE_NS_ASSERTIONS = NO;
				ENABLE_STRICT_OBJC_MSGSEND = YES;
				GCC_C_LANGUAGE_STANDARD = gnu11;
				GCC_NO_COMMON_BLOCKS = YES;
				GCC_WARN_64_TO_32_BIT_CONVERSION = YES;
				GCC_WARN_ABOUT_RETURN_TYPE = YES_ERROR;
				GCC_WARN_UNDECLARED_SELECTOR = YES;
				GCC_WARN_UNINITIALIZED_AUTOS = YES_AGGRESSIVE;
				GCC_WARN_UNUSED_FUNCTION = YES;
				GCC_WARN_UNUSED_VARIABLE = YES;
				IPHONEOS_DEPLOYMENT_TARGET = 12.2;
				MTL_ENABLE_DEBUG_INFO = NO;
				MTL_FAST_MATH = YES;
				SDKROOT = iphoneos;
				SWIFT_COMPILATION_MODE = wholemodule;
				SWIFT_OPTIMIZATION_LEVEL = "-O";
				VALIDATE_PRODUCT = YES;
			};
			name = Release;
		};
		556C82D422E60956006769D7 /* Debug */ = {
			isa = XCBuildConfiguration;
			buildSettings = {
				ASSETCATALOG_COMPILER_APPICON_NAME = AppIcon;
				CODE_SIGN_STYLE = Automatic;
				DEVELOPMENT_TEAM = E727FEDX2F;
				INFOPLIST_FILE = TDSwiftSpinnerImageView/Info.plist;
				LD_RUNPATH_SEARCH_PATHS = (
					"$(inherited)",
					"@executable_path/Frameworks",
				);
				PRODUCT_BUNDLE_IDENTIFIER = TDSwift.TDSwiftSpinnerImageView;
				PRODUCT_NAME = "$(TARGET_NAME)";
				SWIFT_VERSION = 5.0;
				TARGETED_DEVICE_FAMILY = "1,2";
			};
			name = Debug;
		};
		556C82D522E60956006769D7 /* Release */ = {
			isa = XCBuildConfiguration;
			buildSettings = {
				ASSETCATALOG_COMPILER_APPICON_NAME = AppIcon;
				CODE_SIGN_STYLE = Automatic;
				DEVELOPMENT_TEAM = E727FEDX2F;
				INFOPLIST_FILE = TDSwiftSpinnerImageView/Info.plist;
				LD_RUNPATH_SEARCH_PATHS = (
					"$(inherited)",
					"@executable_path/Frameworks",
				);
				PRODUCT_BUNDLE_IDENTIFIER = TDSwift.TDSwiftSpinnerImageView;
				PRODUCT_NAME = "$(TARGET_NAME)";
				SWIFT_VERSION = 5.0;
				TARGETED_DEVICE_FAMILY = "1,2";
			};
			name = Release;
		};
/* End XCBuildConfiguration section */

/* Begin XCConfigurationList section */
		556C82BC22E60954006769D7 /* Build configuration list for PBXProject "TDSwiftSpinnerImageView" */ = {
			isa = XCConfigurationList;
			buildConfigurations = (
				556C82D122E60956006769D7 /* Debug */,
				556C82D222E60956006769D7 /* Release */,
			);
			defaultConfigurationIsVisible = 0;
			defaultConfigurationName = Release;
		};
		556C82D322E60956006769D7 /* Build configuration list for PBXNativeTarget "TDSwiftSpinnerImageView" */ = {
			isa = XCConfigurationList;
			buildConfigurations = (
				556C82D422E60956006769D7 /* Debug */,
				556C82D522E60956006769D7 /* Release */,
			);
			defaultConfigurationIsVisible = 0;
			defaultConfigurationName = Release;
		};
/* End XCConfigurationList section */
	};
	rootObject = 556C82B922E60954006769D7 /* Project object */;
}
